
Microsoft Visual Studio Solution File, Format Version 12.00
# Visual Studio Version 18
VisualStudioVersion = 18.1.11304.174 d18.0
MinimumVisualStudioVersion = 10.0.40219.1
Project("{2150E333-8FDC-42A3-9474-1A3956D46DE8}") = "Doc", "Doc", "{02EA681E-C7D8-13C7-8484-4AC65E1B71E8}"
EndProject
Project("{2150E333-8FDC-42A3-9474-1A3956D46DE8}") = "Src", "Src", "{F287EC2B-9FC9-4E25-8EA6-8B44BE4D4A0F}"
EndProject
Project("{2150E333-8FDC-42A3-9474-1A3956D46DE8}") = "Test", "Test", "{B2CDD28B-A8FB-4A90-9DAB-A22D40A72C06}"
EndProject
Project("{2150E333-8FDC-42A3-9474-1A3956D46DE8}") = "Core", "Core", "{BA12F483-BE03-4CDA-94C8-F2CD44202725}"
EndProject
Project("{2150E333-8FDC-42A3-9474-1A3956D46DE8}") = "Infrastructures", "Infrastructures", "{FA1CE249-B11F-4CD1-93A6-6FABE7504006}"
EndProject
Project("{2150E333-8FDC-42A3-9474-1A3956D46DE8}") = "Presentation", "Presentation", "{8FAF6D81-1C9A-45AF-9682-28333A0BBD24}"
EndProject
Project("{FAE04EC0-301F-11D3-BF4B-00C04F79EFBC}") = "Rehab.Domain", "Rehab.Domain\Rehab.Domain.csproj", "{FB98DBBC-39F8-435F-9DBE-50A1B9FCA950}"
EndProject
Project("{FAE04EC0-301F-11D3-BF4B-00C04F79EFBC}") = "Rehab.Application", "Rehab.Application\Rehab.Application.csproj", "{BD00A8B4-D64B-4286-BC7B-2A9715543A42}"
EndProject
Project("{FAE04EC0-301F-11D3-BF4B-00C04F79EFBC}") = "Rehab.Infrastructure", "Rehab.Infrastructure\Rehab.Infrastructure.csproj", "{4B9A71B6-7C6B-43D7-BE8A-7CBD9DB48B93}"
EndProject
Project("{FAE04EC0-301F-11D3-BF4B-00C04F79EFBC}") = "Rehab.Persistence", "Rehab.Persistence\Rehab.Persistence.csproj", "{9D196A27-23DE-4B48-92FF-1475E7F603AE}"
EndProject
Project("{FAE04EC0-301F-11D3-BF4B-00C04F79EFBC}") = "Rehab.EndPoint.AdminPanel", "Rehab.EndPoint.AdminPanel\Rehab.EndPoint.AdminPanel.csproj", "{C85563AD-5F95-4A58-8D02-066EE8ABFA08}"
EndProject
Project("{FAE04EC0-301F-11D3-BF4B-00C04F79EFBC}") = "Rehab.EndPoint.Web", "Rehab.EndPoint.Web\Rehab.EndPoint.Web.csproj", "{743C5EF8-695E-4DFE-A105-F6EEF37F7F95}"
EndProject
Project("{FAE04EC0-301F-11D3-BF4B-00C04F79EFBC}") = "Common", "Common\Common.csproj", "{E15E491A-E872-91D8-DF7A-CA59C792F064}"
EndProject
Global
	GlobalSection(SolutionConfigurationPlatforms) = preSolution
		Debug|Any CPU = Debug|Any CPU
		Release|Any CPU = Release|Any CPU
	EndGlobalSection
	GlobalSection(ProjectConfigurationPlatforms) = postSolution
		{FB98DBBC-39F8-435F-9DBE-50A1B9FCA950}.Debug|Any CPU.ActiveCfg = Debug|Any CPU
		{FB98DBBC-39F8-435F-9DBE-50A1B9FCA950}.Debug|Any CPU.Build.0 = Debug|Any CPU
		{FB98DBBC-39F8-435F-9DBE-50A1B9FCA950}.Release|Any CPU.ActiveCfg = Release|Any CPU
		{FB98DBBC-39F8-435F-9DBE-50A1B9FCA950}.Release|Any CPU.Build.0 = Release|Any CPU
		{BD00A8B4-D64B-4286-BC7B-2A9715543A42}.Debug|Any CPU.ActiveCfg = Debug|Any CPU
		{BD00A8B4-D64B-4286-BC7B-2A9715543A42}.Debug|Any CPU.Build.0 = Debug|Any CPU
		{BD00A8B4-D64B-4286-BC7B-2A9715543A42}.Release|Any CPU.ActiveCfg = Release|Any CPU
		{BD00A8B4-D64B-4286-BC7B-2A9715543A42}.Release|Any CPU.Build.0 = Release|Any CPU
		{4B9A71B6-7C6B-43D7-BE8A-7CBD9DB48B93}.Debug|Any CPU.ActiveCfg = Debug|Any CPU
		{4B9A71B6-7C6B-43D7-BE8A-7CBD9DB48B93}.Debug|Any CPU.Build.0 = Debug|Any CPU
		{4B9A71B6-7C6B-43D7-BE8A-7CBD9DB48B93}.Release|Any CPU.ActiveCfg = Release|Any CPU
		{4B9A71B6-7C6B-43D7-BE8A-7CBD9DB48B93}.Release|Any CPU.Build.0 = Release|Any CPU
		{9D196A27-23DE-4B48-92FF-1475E7F603AE}.Debug|Any CPU.ActiveCfg = Debug|Any CPU
		{9D196A27-23DE-4B48-92FF-1475E7F603AE}.Debug|Any CPU.Build.0 = Debug|Any CPU
		{9D196A27-23DE-4B48-92FF-1475E7F603AE}.Release|Any CPU.ActiveCfg = Release|Any CPU
		{9D196A27-23DE-4B48-92FF-1475E7F603AE}.Release|Any CPU.Build.0 = Release|Any CPU
		{C85563AD-5F95-4A58-8D02-066EE8ABFA08}.Debug|Any CPU.ActiveCfg = Debug|Any CPU
		{C85563AD-5F95-4A58-8D02-066EE8ABFA08}.Debug|Any CPU.Build.0 = Debug|Any CPU
		{C85563AD-5F95-4A58-8D02-066EE8ABFA08}.Release|Any CPU.ActiveCfg = Release|Any CPU
		{C85563AD-5F95-4A58-8D02-066EE8ABFA08}.Release|Any CPU.Build.0 = Release|Any CPU
		{743C5EF8-695E-4DFE-A105-F6EEF37F7F95}.Debug|Any CPU.ActiveCfg = Debug|Any CPU
		{743C5EF8-695E-4DFE-A105-F6EEF37F7F95}.Debug|Any CPU.Build.0 = Debug|Any CPU
		{743C5EF8-695E-4DFE-A105-F6EEF37F7F95}.Release|Any CPU.ActiveCfg = Release|Any CPU
		{743C5EF8-695E-4DFE-A105-F6EEF37F7F95}.Release|Any CPU.Build.0 = Release|Any CPU
		{E15E491A-E872-91D8-DF7A-CA59C792F064}.Debug|Any CPU.ActiveCfg = Debug|Any CPU
		{E15E491A-E872-91D8-DF7A-CA59C792F064}.Debug|Any CPU.Build.0 = Debug|Any CPU
		{E15E491A-E872-91D8-DF7A-CA59C792F064}.Release|Any CPU.ActiveCfg = Release|Any CPU
		{E15E491A-E872-91D8-DF7A-CA59C792F064}.Release|Any CPU.Build.0 = Release|Any CPU
	EndGlobalSection
	GlobalSection(SolutionProperties) = preSolution
		HideSolutionNode = FALSE
	EndGlobalSection
	GlobalSection(NestedProjects) = preSolution
		{BA12F483-BE03-4CDA-94C8-F2CD44202725} = {F287EC2B-9FC9-4E25-8EA6-8B44BE4D4A0F}
		{FA1CE249-B11F-4CD1-93A6-6FABE7504006} = {F287EC2B-9FC9-4E25-8EA6-8B44BE4D4A0F}
		{8FAF6D81-1C9A-45AF-9682-28333A0BBD24} = {F287EC2B-9FC9-4E25-8EA6-8B44BE4D4A0F}
		{FB98DBBC-39F8-435F-9DBE-50A1B9FCA950} = {BA12F483-BE03-4CDA-94C8-F2CD44202725}
		{BD00A8B4-D64B-4286-BC7B-2A9715543A42} = {BA12F483-BE03-4CDA-94C8-F2CD44202725}
		{4B9A71B6-7C6B-43D7-BE8A-7CBD9DB48B93} = {FA1CE249-B11F-4CD1-93A6-6FABE7504006}
		{9D196A27-23DE-4B48-92FF-1475E7F603AE} = {FA1CE249-B11F-4CD1-93A6-6FABE7504006}
		{C85563AD-5F95-4A58-8D02-066EE8ABFA08} = {8FAF6D81-1C9A-45AF-9682-28333A0BBD24}
		{743C5EF8-695E-4DFE-A105-F6EEF37F7F95} = {8FAF6D81-1C9A-45AF-9682-28333A0BBD24}
		{E15E491A-E872-91D8-DF7A-CA59C792F064} = {FA1CE249-B11F-4CD1-93A6-6FABE7504006}
	EndGlobalSection
	GlobalSection(ExtensibilityGlobals) = postSolution
		SolutionGuid = {FB3980ED-F12D-4F78-9009-EEFB8E3F96A7}
	EndGlobalSection
EndGlobal
